Microsoft Visual Studio Solution File, Format Version 11.00
# Visual Studio 2008

Project("{8CF53970-B51A-0ACA-3488-BF6D27EF1303}") = "Down Deep v1.0", "Assembly-CSharp-firstpass.csproj", "{CF9B1EA8-DBE8-C50C-A374-284D0356891C}"
EndProject
Project("{8CF53970-B51A-0ACA-3488-BF6D27EF1303}") = "Down Deep v1.0", "Assembly-CSharp.csproj", "{38ADB6AA-175E-CB87-731F-086B22280C5B}"
EndProject
Project("{8CF53970-B51A-0ACA-3488-BF6D27EF1303}") = "Down Deep v1.0", "Assembly-UnityScript-firstpass.unityproj", "{D7E51407-0DBF-9B27-192E-B4AB70585676}"
EndProject
Global
	GlobalSection(SolutionConfigurationPlatforms) = preSolution
		Debug|Any CPU = Debug|Any CPU
		Release|Any CPU = Release|Any CPU
	EndGlobalSection
	GlobalSection(ProjectConfigurationPlatforms) = postSolution
		{CF9B1EA8-DBE8-C50C-A374-284D0356891C}.Debug|Any CPU.ActiveCfg = Debug|Any CPU
		{CF9B1EA8-DBE8-C50C-A374-284D0356891C}.Debug|Any CPU.Build.0 = Debug|Any CPU
		{CF9B1EA8-DBE8-C50C-A374-284D0356891C}.Release|Any CPU.ActiveCfg = Release|Any CPU
		{CF9B1EA8-DBE8-C50C-A374-284D0356891C}.Release|Any CPU.Build.0 = Release|Any CPU
		{38ADB6AA-175E-CB87-731F-086B22280C5B}.Debug|Any CPU.ActiveCfg = Debug|Any CPU
		{38ADB6AA-175E-CB87-731F-086B22280C5B}.Debug|Any CPU.Build.0 = Debug|Any CPU
		{38ADB6AA-175E-CB87-731F-086B22280C5B}.Release|Any CPU.ActiveCfg = Release|Any CPU
		{38ADB6AA-175E-CB87-731F-086B22280C5B}.Release|Any CPU.Build.0 = Release|Any CPU
		{D7E51407-0DBF-9B27-192E-B4AB70585676}.Debug|Any CPU.ActiveCfg = Debug|Any CPU
		{D7E51407-0DBF-9B27-192E-B4AB70585676}.Debug|Any CPU.Build.0 = Debug|Any CPU
		{D7E51407-0DBF-9B27-192E-B4AB70585676}.Release|Any CPU.ActiveCfg = Release|Any CPU
		{D7E51407-0DBF-9B27-192E-B4AB70585676}.Release|Any CPU.Build.0 = Release|Any CPU
	EndGlobalSection
	GlobalSection(SolutionProperties) = preSolution
		HideSolutionNode = FALSE
	EndGlobalSection
																																																																																														GlobalSection(MonoDevelopProperties) = preSolution
		StartupItem = Assembly-CSharp.csproj
		Policies = $0
		$0.TextStylePolicy = $1
		$1.inheritsSet = null
		$1.scope = text/x-csharp
		$0.CSharpFormattingPolicy = $2
		$2.inheritsSet = Mono
		$2.inheritsScope = text/x-csharp
		$2.scope = text/x-csharp
		$0.TextStylePolicy = $3
		$3.FileWidth = 120
		$3.TabWidth = 4
		$3.EolMarker = Unix
		$3.inheritsSet = Mono
		$3.inheritsScope = text/plain
		$3.scope = text/plain
	EndGlobalSection

EndGlobal
